@kishormohan ➜ /workspaces/Demo_Repo_Terraform/EC2_Nginx_Creation (main) $ terraform apply
data.aws_vpc.default: Reading...
aws_security_group.grp_instance1: Refreshing state... [id=sg-02d1db30048e1f230]
data.aws_vpc.default: Read complete after 2s [id=vpc-0b0871e81f7e2963f]

Terraform used the selected providers to generate the following execution plan. Resource actions are indicated with the following symbols:
  + create

Terraform will perform the following actions:

  # aws_instance.ec2_instance1 will be created
  + resource "aws_instance" "ec2_instance1" {
      + ami                                  = "ami-0e6f2b2fa0ca704d0"
      + arn                                  = (known after apply)
      + associate_public_ip_address          = (known after apply)
      + availability_zone                    = (known after apply)
      + cpu_core_count                       = (known after apply)
      + cpu_threads_per_core                 = (known after apply)
      + disable_api_stop                     = (known after apply)
      + disable_api_termination              = (known after apply)
      + ebs_optimized                        = (known after apply)
      + get_password_data                    = false
      + host_id                              = (known after apply)
      + host_resource_group_arn              = (known after apply)
      + iam_instance_profile                 = (known after apply)
      + id                                   = (known after apply)
      + instance_initiated_shutdown_behavior = (known after apply)
      + instance_lifecycle                   = (known after apply)
      + instance_state                       = (known after apply)
      + instance_type                        = "t2.micro"
      + ipv6_address_count                   = (known after apply)
      + ipv6_addresses                       = (known after apply)
      + key_name                             = (known after apply)
      + monitoring                           = (known after apply)
      + outpost_arn                          = (known after apply)
      + password_data                        = (known after apply)
      + placement_group                      = (known after apply)
      + placement_partition_number           = (known after apply)
      + primary_network_interface_id         = (known after apply)
      + private_dns                          = (known after apply)
      + private_ip                           = (known after apply)
      + public_dns                           = (known after apply)
      + public_ip                            = (known after apply)
      + secondary_private_ips                = (known after apply)
      + security_groups                      = (known after apply)
      + source_dest_check                    = true
      + spot_instance_request_id             = (known after apply)
      + subnet_id                            = (known after apply)
      + tags                                 = {
          + "Name" = "Instance1"
        }
      + tags_all                             = {
          + "Name" = "Instance1"
        }
      + tenancy                              = (known after apply)
      + user_data                            = "f7ea866e4b18ca541551b7c9ca6a2f2d1564e11a"
      + user_data_base64                     = (known after apply)
      + user_data_replace_on_change          = false
      + vpc_security_group_ids               = (known after apply)
    }

  # aws_instance.ec2_instance2 will be created
  + resource "aws_instance" "ec2_instance2" {
      + ami                                  = "ami-0b9bc7dcdbcff394e"
      + arn                                  = (known after apply)
      + associate_public_ip_address          = (known after apply)
      + availability_zone                    = (known after apply)
      + cpu_core_count                       = (known after apply)
      + cpu_threads_per_core                 = (known after apply)
      + disable_api_stop                     = (known after apply)
      + disable_api_termination              = (known after apply)
      + ebs_optimized                        = (known after apply)
      + get_password_data                    = false
      + host_id                              = (known after apply)
      + host_resource_group_arn              = (known after apply)
      + iam_instance_profile                 = (known after apply)
      + id                                   = (known after apply)
      + instance_initiated_shutdown_behavior = (known after apply)
      + instance_lifecycle                   = (known after apply)
      + instance_state                       = (known after apply)
      + instance_type                        = "t2.micro"
      + ipv6_address_count                   = (known after apply)
      + ipv6_addresses                       = (known after apply)
      + key_name                             = (known after apply)
      + monitoring                           = (known after apply)
      + outpost_arn                          = (known after apply)
      + password_data                        = (known after apply)
      + placement_group                      = (known after apply)
      + placement_partition_number           = (known after apply)
      + primary_network_interface_id         = (known after apply)
      + private_dns                          = (known after apply)
      + private_ip                           = (known after apply)
      + public_dns                           = (known after apply)
      + public_ip                            = (known after apply)
      + secondary_private_ips                = (known after apply)
      + security_groups                      = (known after apply)
      + source_dest_check                    = true
      + spot_instance_request_id             = (known after apply)
      + subnet_id                            = (known after apply)
      + tags                                 = {
          + "Name" = "Instance2"
        }
      + tags_all                             = {
          + "Name" = "Instance2"
        }
      + tenancy                              = (known after apply)
      + user_data                            = "1a75d275f9949a4b8808db5e829f24f6a8b6e977"
      + user_data_base64                     = (known after apply)
      + user_data_replace_on_change          = false
      + vpc_security_group_ids               = (known after apply)
    }

Plan: 2 to add, 0 to change, 0 to destroy.

Do you want to perform these actions?
  Terraform will perform the actions described above.
  Only 'yes' will be accepted to approve.

  Enter a value: yes

aws_instance.ec2_instance1: Creating...
aws_instance.ec2_instance2: Creating...
aws_instance.ec2_instance1: Still creating... [10s elapsed]
aws_instance.ec2_instance2: Still creating... [10s elapsed]
aws_instance.ec2_instance1: Still creating... [20s elapsed]
aws_instance.ec2_instance2: Still creating... [20s elapsed]
aws_instance.ec2_instance1: Still creating... [30s elapsed]
aws_instance.ec2_instance2: Still creating... [30s elapsed]
aws_instance.ec2_instance1: Creation complete after 34s [id=i-0caab5657ac310576]
aws_instance.ec2_instance2: Creation complete after 34s [id=i-0da929789d778fdaa]